// !$*UTF8*$!
{
	archiveVersion = 1;
	classes = {
	};
	objectVersion = 46;
	objects = {

/* Begin PBXBuildFile section */
		0AA4C6BD1EC836BE00F84930 /* AppDelegate.swift in Sources */ = {isa = PBXBuildFile; fileRef = 0AA4C6BC1EC836BE00F84930 /* AppDelegate.swift */; };
		0AA4C6C41EC836BE00F84930 /* Assets.xcassets in Resources */ = {isa = PBXBuildFile; fileRef = 0AA4C6C31EC836BE00F84930 /* Assets.xcassets */; };
		0AA4C6C71EC836BE00F84930 /* LaunchScreen.storyboard in Resources */ = {isa = PBXBuildFile; fileRef = 0AA4C6C51EC836BE00F84930 /* LaunchScreen.storyboard */; };
		0AA4C6D41EC837A600F84930 /* Common.swift in Sources */ = {isa = PBXBuildFile; fileRef = 0AA4C6D31EC837A600F84930 /* Common.swift */; };
		0AA4C6D71EC838A700F84930 /* UIColor-Extension.swift in Sources */ = {isa = PBXBuildFile; fileRef = 0AA4C6D61EC838A700F84930 /* UIColor-Extension.swift */; };
		0AA4C6D91EC83C9600F84930 /* MainTabBarController.swift in Sources */ = {isa = PBXBuildFile; fileRef = 0AA4C6D81EC83C9600F84930 /* MainTabBarController.swift */; };
		0AA4C6DB1EC8417C00F84930 /* MeMainViewController.swift in Sources */ = {isa = PBXBuildFile; fileRef = 0AA4C6DA1EC8417C00F84930 /* MeMainViewController.swift */; };
		0AA4C6DD1EC8418800F84930 /* MarketMainViewController.swift in Sources */ = {isa = PBXBuildFile; fileRef = 0AA4C6DC1EC8418800F84930 /* MarketMainViewController.swift */; };
		0AA4C6DF1EC8419800F84930 /* ActivityMainViewController.swift in Sources */ = {isa = PBXBuildFile; fileRef = 0AA4C6DE1EC8419800F84930 /* ActivityMainViewController.swift */; };
		0AA4C6E41EC8C7B400F84930 /* PageTitleView.swift in Sources */ = {isa = PBXBuildFile; fileRef = 0AA4C6E21EC8C7B400F84930 /* PageTitleView.swift */; };
		0AA4C6E51EC8C7B400F84930 /* PageContentView.swift in Sources */ = {isa = PBXBuildFile; fileRef = 0AA4C6E31EC8C7B400F84930 /* PageContentView.swift */; };
		0AA4C6E91EC8C8D800F84930 /* UIBarButtonItem-Extension.swift in Sources */ = {isa = PBXBuildFile; fileRef = 0AA4C6E81EC8C8D800F84930 /* UIBarButtonItem-Extension.swift */; };
		0AA4C6F21ECA047800F84930 /* ActivityMainViewModel.swift in Sources */ = {isa = PBXBuildFile; fileRef = 0AA4C6F11ECA047800F84930 /* ActivityMainViewModel.swift */; };
		0AA4C6F51ECA049900F84930 /* ActivityMainModel.swift in Sources */ = {isa = PBXBuildFile; fileRef = 0AA4C6F41ECA049900F84930 /* ActivityMainModel.swift */; };
		0AA4C7001ECA102B00F84930 /* PickViewController.swift in Sources */ = {isa = PBXBuildFile; fileRef = 0AA4C6FF1ECA102B00F84930 /* PickViewController.swift */; };
		0AA4C7021ECA103A00F84930 /* FoodsViewController.swift in Sources */ = {isa = PBXBuildFile; fileRef = 0AA4C7011ECA103A00F84930 /* FoodsViewController.swift */; };
		0AA4C7041ECA104300F84930 /* RecommendViewController.swift in Sources */ = {isa = PBXBuildFile; fileRef = 0AA4C7031ECA104300F84930 /* RecommendViewController.swift */; };
		0AA4C7061ECA104E00F84930 /* HotelViewController.swift in Sources */ = {isa = PBXBuildFile; fileRef = 0AA4C7051ECA104E00F84930 /* HotelViewController.swift */; };
		0AA4C7081ECA105600F84930 /* CyclingViewController.swift in Sources */ = {isa = PBXBuildFile; fileRef = 0AA4C7071ECA105600F84930 /* CyclingViewController.swift */; };
		0AA4C7141ECDE3F400F84930 /* ShootListCollectionViewCell.swift in Sources */ = {isa = PBXBuildFile; fileRef = 0AA4C7131ECDE3F400F84930 /* ShootListCollectionViewCell.swift */; };
		0AD50A251ECD9533000A35F7 /* MarketCollectionViewCell.swift in Sources */ = {isa = PBXBuildFile; fileRef = 0AD50A241ECD9533000A35F7 /* MarketCollectionViewCell.swift */; };
		0AD50A271ECE8B7D000A35F7 /* ShootListCollectionReusableView.swift in Sources */ = {isa = PBXBuildFile; fileRef = 0AD50A261ECE8B7D000A35F7 /* ShootListCollectionReusableView.swift */; };
		0AD50A291ECE9081000A35F7 /* MarketCollectionReusableView.swift in Sources */ = {isa = PBXBuildFile; fileRef = 0AD50A281ECE9081000A35F7 /* MarketCollectionReusableView.swift */; };
		0AD50A2F1ECEC93B000A35F7 /* ShootListViewController.swift in Sources */ = {isa = PBXBuildFile; fileRef = 0AD50A2E1ECEC93B000A35F7 /* ShootListViewController.swift */; };
		0AD50A311ECEC954000A35F7 /* ShootPhotoDetailViewController.swift in Sources */ = {isa = PBXBuildFile; fileRef = 0AD50A301ECEC954000A35F7 /* ShootPhotoDetailViewController.swift */; };
		0AD50A361ECED01F000A35F7 /* ShootMainCollectionReusableView.swift in Sources */ = {isa = PBXBuildFile; fileRef = 0AD50A351ECED01F000A35F7 /* ShootMainCollectionReusableView.swift */; };
		0AD50A381ECED038000A35F7 /* ShootMainCollectionViewCell.swift in Sources */ = {isa = PBXBuildFile; fileRef = 0AD50A371ECED038000A35F7 /* ShootMainCollectionViewCell.swift */; };
		0AD6D3561ECF1A2700B54FAC /* ShootListModel.swift in Sources */ = {isa = PBXBuildFile; fileRef = 0AD6D3551ECF1A2700B54FAC /* ShootListModel.swift */; };
		0AFC0A341ECC0F84007F5186 /* ShootMainViewController.swift in Sources */ = {isa = PBXBuildFile; fileRef = 0AFC0A331ECC0F84007F5186 /* ShootMainViewController.swift */; };
		0AFC0A381ECC2AD0007F5186 /* SlideShowView.swift in Sources */ = {isa = PBXBuildFile; fileRef = 0AFC0A371ECC2AD0007F5186 /* SlideShowView.swift */; };
		0AFC0A3A1ECD1F5D007F5186 /* MarketClassifiedBtnsView.swift in Sources */ = {isa = PBXBuildFile; fileRef = 0AFC0A391ECD1F5D007F5186 /* MarketClassifiedBtnsView.swift */; };
		0AFC0A3C1ECD1FA2007F5186 /* MarkeBtn_Horizontal.swift in Sources */ = {isa = PBXBuildFile; fileRef = 0AFC0A3B1ECD1FA2007F5186 /* MarkeBtn_Horizontal.swift */; };
		0AFC0A3E1ECD2A27007F5186 /* MarkeBtn_Longitudinal.swift in Sources */ = {isa = PBXBuildFile; fileRef = 0AFC0A3D1ECD2A27007F5186 /* MarkeBtn_Longitudinal.swift */; };
		3414DF55EE0934A03BF25DE4 /* Pods_CM.framework in Frameworks */ = {isa = PBXBuildFile; fileRef = D55EAD4389C29ADDC13BFF87 /* Pods_CM.framework */; };
/* End PBXBuildFile section */

/* Begin PBXFileReference section */
		054143B0D5A0FCC4B5159783 /* Pods-CM.debug.xcconfig */ = {isa = PBXFileReference; includeInIndex = 1; lastKnownFileType = text.xcconfig; name = "Pods-CM.debug.xcconfig"; path = "Pods/Target Support Files/Pods-CM/Pods-CM.debug.xcconfig"; sourceTree = "<group>"; };
		0AA4C6B91EC836BE00F84930 /* CM.app */ = {isa = PBXFileReference; explicitFileType = wrapper.application; includeInIndex = 0; path = CM.app; sourceTree = BUILT_PRODUCTS_DIR; };
		0AA4C6BC1EC836BE00F84930 /* AppDelegate.swift */ = {isa = PBXFileReference; lastKnownFileType = sourcecode.swift; path = AppDelegate.swift; sourceTree = "<group>"; };
		0AA4C6C31EC836BE00F84930 /* Assets.xcassets */ = {isa = PBXFileReference; lastKnownFileType = folder.assetcatalog; path = Assets.xcassets; sourceTree = "<group>"; };
		0AA4C6C61EC836BE00F84930 /* Base */ = {isa = PBXFileReference; lastKnownFileType = file.storyboard; name = Base; path = Base.lproj/LaunchScreen.storyboard; sourceTree = "<group>"; };
		0AA4C6C81EC836BE00F84930 /* Info.plist */ = {isa = PBXFileReference; lastKnownFileType = text.plist.xml; path = Info.plist; sourceTree = "<group>"; };
		0AA4C6D31EC837A600F84930 /* Common.swift */ = {isa = PBXFileReference; fileEncoding = 4; lastKnownFileType = sourcecode.swift; path = Common.swift; sourceTree = "<group>"; };
		0AA4C6D61EC838A700F84930 /* UIColor-Extension.swift */ = {isa = PBXFileReference; fileEncoding = 4; lastKnownFileType = sourcecode.swift; path = "UIColor-Extension.swift"; sourceTree = "<group>"; };
		0AA4C6D81EC83C9600F84930 /* MainTabBarController.swift */ = {isa = PBXFileReference; fileEncoding = 4; lastKnownFileType = sourcecode.swift; path = MainTabBarController.swift; sourceTree = "<group>"; };
		0AA4C6DA1EC8417C00F84930 /* MeMainViewController.swift */ = {isa = PBXFileReference; fileEncoding = 4; lastKnownFileType = sourcecode.swift; path = MeMainViewController.swift; sourceTree = "<group>"; };
		0AA4C6DC1EC8418800F84930 /* MarketMainViewController.swift */ = {isa = PBXFileReference; fileEncoding = 4; lastKnownFileType = sourcecode.swift; path = MarketMainViewController.swift; sourceTree = "<group>"; };
		0AA4C6DE1EC8419800F84930 /* ActivityMainViewController.swift */ = {isa = PBXFileReference; fileEncoding = 4; lastKnownFileType = sourcecode.swift; path = ActivityMainViewController.swift; sourceTree = "<group>"; };
		0AA4C6E21EC8C7B400F84930 /* PageTitleView.swift */ = {isa = PBXFileReference; fileEncoding = 4; lastKnownFileType = sourcecode.swift; path = PageTitleView.swift; sourceTree = "<group>"; };
		0AA4C6E31EC8C7B400F84930 /* PageContentView.swift */ = {isa = PBXFileReference; fileEncoding = 4; lastKnownFileType = sourcecode.swift; path = PageContentView.swift; sourceTree = "<group>"; };
		0AA4C6E81EC8C8D800F84930 /* UIBarButtonItem-Extension.swift */ = {isa = PBXFileReference; fileEncoding = 4; lastKnownFileType = sourcecode.swift; path = "UIBarButtonItem-Extension.swift"; sourceTree = "<group>"; };
		0AA4C6F11ECA047800F84930 /* ActivityMainViewModel.swift */ = {isa = PBXFileReference; fileEncoding = 4; lastKnownFileType = sourcecode.swift; path = ActivityMainViewModel.swift; sourceTree = "<group>"; };
		0AA4C6F41ECA049900F84930 /* ActivityMainModel.swift */ = {isa = PBXFileReference; fileEncoding = 4; lastKnownFileType = sourcecode.swift; path = ActivityMainModel.swift; sourceTree = "<group>"; };
		0AA4C6FF1ECA102B00F84930 /* PickViewController.swift */ = {isa = PBXFileReference; fileEncoding = 4; lastKnownFileType = sourcecode.swift; path = PickViewController.swift; sourceTree = "<group>"; };
		0AA4C7011ECA103A00F84930 /* FoodsViewController.swift */ = {isa = PBXFileReference; fileEncoding = 4; lastKnownFileType = sourcecode.swift; path = FoodsViewController.swift; sourceTree = "<group>"; };
		0AA4C7031ECA104300F84930 /* RecommendViewController.swift */ = {isa = PBXFileReference; fileEncoding = 4; lastKnownFileType = sourcecode.swift; path = RecommendViewController.swift; sourceTree = "<group>"; };
		0AA4C7051ECA104E00F84930 /* HotelViewController.swift */ = {isa = PBXFileReference; fileEncoding = 4; lastKnownFileType = sourcecode.swift; path = HotelViewController.swift; sourceTree = "<group>"; };
		0AA4C7071ECA105600F84930 /* CyclingViewController.swift */ = {isa = PBXFileReference; fileEncoding = 4; lastKnownFileType = sourcecode.swift; path = CyclingViewController.swift; sourceTree = "<group>"; };
		0AA4C7131ECDE3F400F84930 /* ShootListCollectionViewCell.swift */ = {isa = PBXFileReference; fileEncoding = 4; lastKnownFileType = sourcecode.swift; path = ShootListCollectionViewCell.swift; sourceTree = "<group>"; };
		0AD50A241ECD9533000A35F7 /* MarketCollectionViewCell.swift */ = {isa = PBXFileReference; fileEncoding = 4; lastKnownFileType = sourcecode.swift; path = MarketCollectionViewCell.swift; sourceTree = "<group>"; };
		0AD50A261ECE8B7D000A35F7 /* ShootListCollectionReusableView.swift */ = {isa = PBXFileReference; fileEncoding = 4; lastKnownFileType = sourcecode.swift; path = ShootListCollectionReusableView.swift; sourceTree = "<group>"; };
		0AD50A281ECE9081000A35F7 /* MarketCollectionReusableView.swift */ = {isa = PBXFileReference; fileEncoding = 4; lastKnownFileType = sourcecode.swift; path = MarketCollectionReusableView.swift; sourceTree = "<group>"; };
		0AD50A2E1ECEC93B000A35F7 /* ShootListViewController.swift */ = {isa = PBXFileReference; fileEncoding = 4; lastKnownFileType = sourcecode.swift; path = ShootListViewController.swift; sourceTree = "<group>"; };
		0AD50A301ECEC954000A35F7 /* ShootPhotoDetailViewController.swift */ = {isa = PBXFileReference; fileEncoding = 4; lastKnownFileType = sourcecode.swift; path = ShootPhotoDetailViewController.swift; sourceTree = "<group>"; };
		0AD50A351ECED01F000A35F7 /* ShootMainCollectionReusableView.swift */ = {isa = PBXFileReference; fileEncoding = 4; lastKnownFileType = sourcecode.swift; path = ShootMainCollectionReusableView.swift; sourceTree = "<group>"; };
		0AD50A371ECED038000A35F7 /* ShootMainCollectionViewCell.swift */ = {isa = PBXFileReference; fileEncoding = 4; lastKnownFileType = sourcecode.swift; path = ShootMainCollectionViewCell.swift; sourceTree = "<group>"; };
		0AD6D3551ECF1A2700B54FAC /* ShootListModel.swift */ = {isa = PBXFileReference; fileEncoding = 4; lastKnownFileType = sourcecode.swift; path = ShootListModel.swift; sourceTree = "<group>"; };
		0AFC0A331ECC0F84007F5186 /* ShootMainViewController.swift */ = {isa = PBXFileReference; fileEncoding = 4; lastKnownFileType = sourcecode.swift; path = ShootMainViewController.swift; sourceTree = "<group>"; };
		0AFC0A371ECC2AD0007F5186 /* SlideShowView.swift */ = {isa = PBXFileReference; fileEncoding = 4; lastKnownFileType = sourcecode.swift; path = SlideShowView.swift; sourceTree = "<group>"; };
		0AFC0A391ECD1F5D007F5186 /* MarketClassifiedBtnsView.swift */ = {isa = PBXFileReference; fileEncoding = 4; lastKnownFileType = sourcecode.swift; path = MarketClassifiedBtnsView.swift; sourceTree = "<group>"; };
		0AFC0A3B1ECD1FA2007F5186 /* MarkeBtn_Horizontal.swift */ = {isa = PBXFileReference; fileEncoding = 4; lastKnownFileType = sourcecode.swift; path = MarkeBtn_Horizontal.swift; sourceTree = "<group>"; };
		0AFC0A3D1ECD2A27007F5186 /* MarkeBtn_Longitudinal.swift */ = {isa = PBXFileReference; fileEncoding = 4; lastKnownFileType = sourcecode.swift; path = MarkeBtn_Longitudinal.swift; sourceTree = "<group>"; };
		57D4886A1559FCF90ADDC042 /* Pods-CM.release.xcconfig */ = {isa = PBXFileReference; includeInIndex = 1; lastKnownFileType = text.xcconfig; name = "Pods-CM.release.xcconfig"; path = "Pods/Target Support Files/Pods-CM/Pods-CM.release.xcconfig"; sourceTree = "<group>"; };
		D55EAD4389C29ADDC13BFF87 /* Pods_CM.framework */ = {isa = PBXFileReference; explicitFileType = wrapper.framework; includeInIndex = 0; path = Pods_CM.framework; sourceTree = BUILT_PRODUCTS_DIR; };
/* End PBXFileReference section */

/* Begin PBXFrameworksBuildPhase section */
		0AA4C6B61EC836BE00F84930 /* Frameworks */ = {
			isa = PBXFrameworksBuildPhase;
			buildActionMask = 2147483647;
			files = (
				3414DF55EE0934A03BF25DE4 /* Pods_CM.framework in Frameworks */,
			);
			runOnlyForDeploymentPostprocessing = 0;
		};
/* End PBXFrameworksBuildPhase section */

/* Begin PBXGroup section */
		0AA4C6B01EC836BE00F84930 = {
			isa = PBXGroup;
			children = (
				0AA4C6BB1EC836BE00F84930 /* CM */,
				0AA4C6BA1EC836BE00F84930 /* Products */,
				5DB99FA6A1FFA2E9D527ECC1 /* Pods */,
				DCC6E1CF031CA8F85A18E634 /* Frameworks */,
			);
			sourceTree = "<group>";
		};
		0AA4C6BA1EC836BE00F84930 /* Products */ = {
			isa = PBXGroup;
			children = (
				0AA4C6B91EC836BE00F84930 /* CM.app */,
			);
			name = Products;
			sourceTree = "<group>";
		};
		0AA4C6BB1EC836BE00F84930 /* CM */ = {
			isa = PBXGroup;
			children = (
				0AA4C6CE1EC836D300F84930 /* Classes */,
				0AA4C6EC1EC9F4FC00F84930 /* Others */,
			);
			path = CM;
			sourceTree = "<group>";
		};
		0AA4C6CE1EC836D300F84930 /* Classes */ = {
			isa = PBXGroup;
			children = (
				0AFC0A321ECC0F66007F5186 /* Shoot */,
				0AA4C6D11EC836E700F84930 /* Activity */,
				0AA4C6D01EC836E400F84930 /* Market */,
				0AA4C6CF1EC836E200F84930 /* Me */,
				0AA4C6EA1EC9F4BB00F84930 /* Main */,
				0AA4C6D21EC8378100F84930 /* Tools */,
			);
			name = Classes;
			sourceTree = "<group>";
		};
		0AA4C6CF1EC836E200F84930 /* Me */ = {
			isa = PBXGroup;
			children = (
				0AA4C6DA1EC8417C00F84930 /* MeMainViewController.swift */,
			);
			name = Me;
			sourceTree = "<group>";
		};
		0AA4C6D01EC836E400F84930 /* Market */ = {
			isa = PBXGroup;
			children = (
				0AA4C6DC1EC8418800F84930 /* MarketMainViewController.swift */,
				0AA4C7151ECDFA2700F84930 /* Views */,
			);
			name = Market;
			sourceTree = "<group>";
		};
		0AA4C6D11EC836E700F84930 /* Activity */ = {
			isa = PBXGroup;
			children = (
				0AA4C6F61ECA0BD200F84930 /* ActivityMain */,
				0AA4C6FA1ECA0E6E00F84930 /* Recommend */,
				0AA4C6F81ECA0E4200F84930 /* Pick */,
				0AA4C6F91ECA0E5200F84930 /* Foods */,
				0AA4C6FB1ECA0E9000F84930 /* Hotel */,
				0AA4C6FC1ECA0EA300F84930 /* Cycling */,
			);
			name = Activity;
			sourceTree = "<group>";
		};
		0AA4C6D21EC8378100F84930 /* Tools */ = {
			isa = PBXGroup;
			children = (
				0AA4C6E01EC8C79100F84930 /* Basic */,
				0AA4C6D51EC8384B00F84930 /* Extension */,
				0AA4C6D31EC837A600F84930 /* Common.swift */,
			);
			name = Tools;
			sourceTree = "<group>";
		};
		0AA4C6D51EC8384B00F84930 /* Extension */ = {
			isa = PBXGroup;
			children = (
				0AA4C6E81EC8C8D800F84930 /* UIBarButtonItem-Extension.swift */,
				0AA4C6D61EC838A700F84930 /* UIColor-Extension.swift */,
			);
			name = Extension;
			sourceTree = "<group>";
		};
		0AA4C6E01EC8C79100F84930 /* Basic */ = {
			isa = PBXGroup;
			children = (
				0AA4C6E11EC8C7A600F84930 /* Views */,
			);
			name = Basic;
			sourceTree = "<group>";
		};
		0AA4C6E11EC8C7A600F84930 /* Views */ = {
			isa = PBXGroup;
			children = (
				0AA4C6E21EC8C7B400F84930 /* PageTitleView.swift */,
				0AA4C6E31EC8C7B400F84930 /* PageContentView.swift */,
				0AFC0A371ECC2AD0007F5186 /* SlideShowView.swift */,
			);
			name = Views;
			sourceTree = "<group>";
		};
		0AA4C6EA1EC9F4BB00F84930 /* Main */ = {
			isa = PBXGroup;
			children = (
				0AA4C6D81EC83C9600F84930 /* MainTabBarController.swift */,
				0AA4C6BC1EC836BE00F84930 /* AppDelegate.swift */,
			);
			name = Main;
			sourceTree = "<group>";
		};
		0AA4C6EC1EC9F4FC00F84930 /* Others */ = {
			isa = PBXGroup;
			children = (
				0AA4C6C31EC836BE00F84930 /* Assets.xcassets */,
				0AA4C6C51EC836BE00F84930 /* LaunchScreen.storyboard */,
				0AA4C6C81EC836BE00F84930 /* Info.plist */,
			);
			name = Others;
			sourceTree = "<group>";
		};
		0AA4C6ED1ECA041D00F84930 /* Controllers */ = {
			isa = PBXGroup;
			children = (
				0AA4C6DE1EC8419800F84930 /* ActivityMainViewController.swift */,
			);
			name = Controllers;
			sourceTree = "<group>";
		};
		0AA4C6EE1ECA042400F84930 /* Model */ = {
			isa = PBXGroup;
			children = (
				0AA4C6F41ECA049900F84930 /* ActivityMainModel.swift */,
			);
			name = Model;
			sourceTree = "<group>";
		};
		0AA4C6EF1ECA043200F84930 /* ViewModel */ = {
			isa = PBXGroup;
			children = (
				0AA4C6F11ECA047800F84930 /* ActivityMainViewModel.swift */,
			);
			name = ViewModel;
			sourceTree = "<group>";
		};
		0AA4C6F61ECA0BD200F84930 /* ActivityMain */ = {
			isa = PBXGroup;
			children = (
				0AA4C6ED1ECA041D00F84930 /* Controllers */,
				0AA4C6EF1ECA043200F84930 /* ViewModel */,
				0AA4C6EE1ECA042400F84930 /* Model */,
			);
			name = ActivityMain;
			sourceTree = "<group>";
		};
		0AA4C6F81ECA0E4200F84930 /* Pick */ = {
			isa = PBXGroup;
			children = (
				0AA4C6FF1ECA102B00F84930 /* PickViewController.swift */,
			);
			name = Pick;
			sourceTree = "<group>";
		};
		0AA4C6F91ECA0E5200F84930 /* Foods */ = {
			isa = PBXGroup;
			children = (
				0AA4C7011ECA103A00F84930 /* FoodsViewController.swift */,
			);
			name = Foods;
			sourceTree = "<group>";
		};
		0AA4C6FA1ECA0E6E00F84930 /* Recommend */ = {
			isa = PBXGroup;
			children = (
				0AA4C7031ECA104300F84930 /* RecommendViewController.swift */,
			);
			name = Recommend;
			sourceTree = "<group>";
		};
		0AA4C6FB1ECA0E9000F84930 /* Hotel */ = {
			isa = PBXGroup;
			children = (
				0AA4C7051ECA104E00F84930 /* HotelViewController.swift */,
			);
			name = Hotel;
			sourceTree = "<group>";
		};
		0AA4C6FC1ECA0EA300F84930 /* Cycling */ = {
			isa = PBXGroup;
			children = (
				0AA4C7071ECA105600F84930 /* CyclingViewController.swift */,
			);
			name = Cycling;
			sourceTree = "<group>";
		};
		0AA4C7151ECDFA2700F84930 /* Views */ = {
			isa = PBXGroup;
			children = (
				0AFC0A391ECD1F5D007F5186 /* MarketClassifiedBtnsView.swift */,
				0AFC0A3B1ECD1FA2007F5186 /* MarkeBtn_Horizontal.swift */,
				0AFC0A3D1ECD2A27007F5186 /* MarkeBtn_Longitudinal.swift */,
				0AD50A241ECD9533000A35F7 /* MarketCollectionViewCell.swift */,
				0AD50A281ECE9081000A35F7 /* MarketCollectionReusableView.swift */,
			);
			name = Views;
			sourceTree = "<group>";
		};
		0AD50A2B1ECEC8F5000A35F7 /* Views */ = {
			isa = PBXGroup;
			children = (
				0AA4C7131ECDE3F400F84930 /* ShootListCollectionViewCell.swift */,
				0AD50A261ECE8B7D000A35F7 /* ShootListCollectionReusableView.swift */,
			);
			name = Views;
			sourceTree = "<group>";
		};
		0AD50A2C1ECEC8FB000A35F7 /* Models */ = {
			isa = PBXGroup;
			children = (
				0AD6D3551ECF1A2700B54FAC /* ShootListModel.swift */,
			);
			name = Models;
			sourceTree = "<group>";
		};
		0AD50A2D1ECEC901000A35F7 /* Controllers */ = {
			isa = PBXGroup;
			children = (
				0AD50A2E1ECEC93B000A35F7 /* ShootListViewController.swift */,
			);
			name = Controllers;
			sourceTree = "<group>";
		};
		0AD50A321ECECE61000A35F7 /* ShootMain */ = {
			isa = PBXGroup;
			children = (
				0AFC0A331ECC0F84007F5186 /* ShootMainViewController.swift */,
				0AD50A351ECED01F000A35F7 /* ShootMainCollectionReusableView.swift */,
				0AD50A371ECED038000A35F7 /* ShootMainCollectionViewCell.swift */,
			);
			name = ShootMain;
			sourceTree = "<group>";
		};
		0AD50A331ECECE71000A35F7 /* ShootList */ = {
			isa = PBXGroup;
			children = (
				0AD50A2D1ECEC901000A35F7 /* Controllers */,
				0AD50A2C1ECEC8FB000A35F7 /* Models */,
				0AD50A2B1ECEC8F5000A35F7 /* Views */,
			);
			name = ShootList;
			sourceTree = "<group>";
		};
		0AD50A341ECECE81000A35F7 /* PhotoDetail */ = {
			isa = PBXGroup;
			children = (
				0AD50A301ECEC954000A35F7 /* ShootPhotoDetailViewController.swift */,
			);
			name = PhotoDetail;
			sourceTree = "<group>";
		};
		0AFC0A321ECC0F66007F5186 /* Shoot */ = {
			isa = PBXGroup;
			children = (
				0AD50A321ECECE61000A35F7 /* ShootMain */,
				0AD50A331ECECE71000A35F7 /* ShootList */,
				0AD50A341ECECE81000A35F7 /* PhotoDetail */,
			);
			name = Shoot;
			sourceTree = "<group>";
		};
		5DB99FA6A1FFA2E9D527ECC1 /* Pods */ = {
			isa = PBXGroup;
			children = (
				054143B0D5A0FCC4B5159783 /* Pods-CM.debug.xcconfig */,
				57D4886A1559FCF90ADDC042 /* Pods-CM.release.xcconfig */,
			);
			name = Pods;
			sourceTree = "<group>";
		};
		DCC6E1CF031CA8F85A18E634 /* Frameworks */ = {
			isa = PBXGroup;
			children = (
				D55EAD4389C29ADDC13BFF87 /* Pods_CM.framework */,
			);
			name = Frameworks;
			sourceTree = "<group>";
		};
/* End PBXGroup section */

/* Begin PBXNativeTarget section */
		0AA4C6B81EC836BE00F84930 /* CM */ = {
			isa = PBXNativeTarget;
			buildConfigurationList = 0AA4C6CB1EC836BE00F84930 /* Build configuration list for PBXNativeTarget "CM" */;
			buildPhases = (
				EDA8877DDC3BE880D36BC594 /* [CP] Check Pods Manifest.lock */,
				0AA4C6B51EC836BE00F84930 /* Sources */,
				0AA4C6B61EC836BE00F84930 /* Frameworks */,
				0AA4C6B71EC836BE00F84930 /* Resources */,
				5E472FA37351BA30F1B176F1 /* [CP] Embed Pods Frameworks */,
				C8484696F0E1F0ED33069E77 /* [CP] Copy Pods Resources */,
			);
			buildRules = (
			);
			dependencies = (
			);
			name = CM;
			productName = CM;
			productReference = 0AA4C6B91EC836BE00F84930 /* CM.app */;
			productType = "com.apple.product-type.application";
		};
/* End PBXNativeTarget section */

/* Begin PBXProject section */
		0AA4C6B11EC836BE00F84930 /* Project object */ = {
			isa = PBXProject;
			attributes = {
				LastSwiftUpdateCheck = 0820;
				LastUpgradeCheck = 0820;
				ORGANIZATIONNAME = Kevin;
				TargetAttributes = {
					0AA4C6B81EC836BE00F84930 = {
						CreatedOnToolsVersion = 8.2.1;
						DevelopmentTeam = S5A8LZTTH2;
						ProvisioningStyle = Automatic;
					};
				};
			};
			buildConfigurationList = 0AA4C6B41EC836BE00F84930 /* Build configuration list for PBXProject "cm" */;
			compatibilityVersion = "Xcode 3.2";
			developmentRegion = English;
			hasScannedForEncodings = 0;
			knownRegions = (
				en,
				Base,
			);
			mainGroup = 0AA4C6B01EC836BE00F84930;
			productRefGroup = 0AA4C6BA1EC836BE00F84930 /* Products */;
			projectDirPath = "";
			projectRoot = "";
			targets = (
				0AA4C6B81EC836BE00F84930 /* CM */,
			);
		};
/* End PBXProject section */

/* Begin PBXResourcesBuildPhase section */
		0AA4C6B71EC836BE00F84930 /* Resources */ = {
			isa = PBXResourcesBuildPhase;
			buildActionMask = 2147483647;
			files = (
				0AA4C6C71EC836BE00F84930 /* LaunchScreen.storyboard in Resources */,
				0AA4C6C41EC836BE00F84930 /* Assets.xcassets in Resources */,
			);
			runOnlyForDeploymentPostprocessing = 0;
		};
/* End PBXResourcesBuildPhase section */

/* Begin PBXShellScriptBuildPhase section */
		5E472FA37351BA30F1B176F1 /* [CP] Embed Pods Frameworks */ = {
			isa = PBXShellScriptBuildPhase;
			buildActionMask = 2147483647;
			files = (
			);
			inputPaths = (
			);
			name = "[CP] Embed Pods Frameworks";
			outputPaths = (
			);
			runOnlyForDeploymentPostprocessing = 0;
			shellPath = /bin/sh;
			shellScript = "\"${SRCROOT}/Pods/Target Support Files/Pods-CM/Pods-CM-frameworks.sh\"\n";
			showEnvVarsInLog = 0;
		};
		C8484696F0E1F0ED33069E77 /* [CP] Copy Pods Resources */ = {
			isa = PBXShellScriptBuildPhase;
			buildActionMask = 2147483647;
			files = (
			);
			inputPaths = (
			);
			name = "[CP] Copy Pods Resources";
			outputPaths = (
			);
			runOnlyForDeploymentPostprocessing = 0;
			shellPath = /bin/sh;
			shellScript = "\"${SRCROOT}/Pods/Target Support Files/Pods-CM/Pods-CM-resources.sh\"\n";
			showEnvVarsInLog = 0;
		};
		EDA8877DDC3BE880D36BC594 /* [CP] Check Pods Manifest.lock */ = {
			isa = PBXShellScriptBuildPhase;
			buildActionMask = 2147483647;
			files = (
			);
			inputPaths = (
			);
			name = "[CP] Check Pods Manifest.lock";
			outputPaths = (
			);
			runOnlyForDeploymentPostprocessing = 0;
			shellPath = /bin/sh;
			shellScript = "diff \"${PODS_PODFILE_DIR_PATH}/Podfile.lock\" \"${PODS_ROOT}/Manifest.lock\" > /dev/null\nif [ $? != 0 ] ; then\n    # print error to STDERR\n    echo \"error: The sandbox is not in sync with the Podfile.lock. Run 'pod install' or update your CocoaPods installation.\" >&2\n    exit 1\nfi\n";
			showEnvVarsInLog = 0;
		};
/* End PBXShellScriptBuildPhase section */

/* Begin PBXSourcesBuildPhase section */
		0AA4C6B51EC836BE00F84930 /* Sources */ = {
			isa = PBXSourcesBuildPhase;
			buildActionMask = 2147483647;
			files = (
				0AD50A361ECED01F000A35F7 /* ShootMainCollectionReusableView.swift in Sources */,
				0AA4C6DF1EC8419800F84930 /* ActivityMainViewController.swift in Sources */,
				0AFC0A341ECC0F84007F5186 /* ShootMainViewController.swift in Sources */,
				0AD50A311ECEC954000A35F7 /* ShootPhotoDetailViewController.swift in Sources */,
				0AFC0A3E1ECD2A27007F5186 /* MarkeBtn_Longitudinal.swift in Sources */,
				0AFC0A3A1ECD1F5D007F5186 /* MarketClassifiedBtnsView.swift in Sources */,
				0AA4C6E91EC8C8D800F84930 /* UIBarButtonItem-Extension.swift in Sources */,
				0AA4C6D71EC838A700F84930 /* UIColor-Extension.swift in Sources */,
				0AA4C7081ECA105600F84930 /* CyclingViewController.swift in Sources */,
				0AA4C6E51EC8C7B400F84930 /* PageContentView.swift in Sources */,
				0AA4C6D91EC83C9600F84930 /* MainTabBarController.swift in Sources */,
				0AFC0A381ECC2AD0007F5186 /* SlideShowView.swift in Sources */,
				0AFC0A3C1ECD1FA2007F5186 /* MarkeBtn_Horizontal.swift in Sources */,
				0AD50A2F1ECEC93B000A35F7 /* ShootListViewController.swift in Sources */,
				0AA4C7141ECDE3F400F84930 /* ShootListCollectionViewCell.swift in Sources */,
				0AA4C7021ECA103A00F84930 /* FoodsViewController.swift in Sources */,
				0AA4C7041ECA104300F84930 /* RecommendViewController.swift in Sources */,
				0AA4C6D41EC837A600F84930 /* Common.swift in Sources */,
				0AD6D3561ECF1A2700B54FAC /* ShootListModel.swift in Sources */,
				0AA4C6F21ECA047800F84930 /* ActivityMainViewModel.swift in Sources */,
				0AA4C6BD1EC836BE00F84930 /* AppDelegate.swift in Sources */,
				0AA4C6E41EC8C7B400F84930 /* PageTitleView.swift in Sources */,
				0AA4C7001ECA102B00F84930 /* PickViewController.swift in Sources */,
				0AA4C6F51ECA049900F84930 /* ActivityMainModel.swift in Sources */,
				0AA4C6DB1EC8417C00F84930 /* MeMainViewController.swift in Sources */,
				0AD50A271ECE8B7D000A35F7 /* ShootListCollectionReusableView.swift in Sources */,
				0AA4C6DD1EC8418800F84930 /* MarketMainViewController.swift in Sources */,
				0AD50A291ECE9081000A35F7 /* MarketCollectionReusableView.swift in Sources */,
				0AD50A381ECED038000A35F7 /* ShootMainCollectionViewCell.swift in Sources */,
				0AD50A251ECD9533000A35F7 /* MarketCollectionViewCell.swift in Sources */,
				0AA4C7061ECA104E00F84930 /* HotelViewController.swift in Sources */,
			);
			runOnlyForDeploymentPostprocessing = 0;
		};
/* End PBXSourcesBuildPhase section */

/* Begin PBXVariantGroup section */
		0AA4C6C51EC836BE00F84930 /* LaunchScreen.storyboard */ = {
			isa = PBXVariantGroup;
			children = (
				0AA4C6C61EC836BE00F84930 /* Base */,
			);
			name = LaunchScreen.storyboard;
			sourceTree = "<group>";
		};
/* End PBXVariantGroup section */

/* Begin XCBuildConfiguration section */
		0AA4C6C91EC836BE00F84930 /* Debug */ = {
			isa = XCBuildConfiguration;
			buildSettings = {
				ALWAYS_SEARCH_USER_PATHS = NO;
				CLANG_ANALYZER_NONNULL = YES;
				CLANG_CXX_LANGUAGE_STANDARD = "gnu++0x";
				CLANG_CXX_LIBRARY = "libc++";
				CLANG_ENABLE_MODULES = YES;
				CLANG_ENABLE_OBJC_ARC = YES;
				CLANG_WARN_BOOL_CONVERSION = YES;
				CLANG_WARN_CONSTANT_CONVERSION = YES;
				CLANG_WARN_DIRECT_OBJC_ISA_USAGE = YES_ERROR;
				CLANG_WARN_DOCUMENTATION_COMMENTS = YES;
				CLANG_WARN_EMPTY_BODY = YES;
				CLANG_WARN_ENUM_CONVERSION = YES;
				CLANG_WARN_INFINITE_RECURSION = YES;
				CLANG_WARN_INT_CONVERSION = YES;
				CLANG_WARN_OBJC_ROOT_CLASS = YES_ERROR;
				CLANG_WARN_SUSPICIOUS_MOVE = YES;
				CLANG_WARN_UNREACHABLE_CODE = YES;
				CLANG_WARN__DUPLICATE_METHOD_MATCH = YES;
				"CODE_SIGN_IDENTITY[sdk=iphoneos*]" = "iPhone Developer";
				COPY_PHASE_STRIP = NO;
				DEBUG_INFORMATION_FORMAT = dwarf;
				ENABLE_STRICT_OBJC_MSGSEND = YES;
				ENABLE_TESTABILITY = YES;
				GCC_C_LANGUAGE_STANDARD = gnu99;
				GCC_DYNAMIC_NO_PIC = NO;
				GCC_NO_COMMON_BLOCKS = YES;
				GCC_OPTIMIZATION_LEVEL = 0;
				GCC_PREPROCESSOR_DEFINITIONS = (
					"DEBUG=1",
					"$(inherited)",
				);
				GCC_WARN_64_TO_32_BIT_CONVERSION = YES;
				GCC_WARN_ABOUT_RETURN_TYPE = YES_ERROR;
				GCC_WARN_UNDECLARED_SELECTOR = YES;
				GCC_WARN_UNINITIALIZED_AUTOS = YES_AGGRESSIVE;
				GCC_WARN_UNUSED_FUNCTION = YES;
				GCC_WARN_UNUSED_VARIABLE = YES;
				IPHONEOS_DEPLOYMENT_TARGET = 10.3;
				MTL_ENABLE_DEBUG_INFO = YES;
				ONLY_ACTIVE_ARCH = YES;
				SDKROOT = iphoneos;
				SWIFT_ACTIVE_COMPILATION_CONDITIONS = DEBUG;
				SWIFT_OPTIMIZATION_LEVEL = "-Onone";
				TARGETED_DEVICE_FAMILY = "1,2";
			};
			name = Debug;
		};
		0AA4C6CA1EC836BE00F84930 /* Release */ = {
			isa = XCBuildConfiguration;
			buildSettings = {
				ALWAYS_SEARCH_USER_PATHS = NO;
				CLANG_ANALYZER_NONNULL = YES;
				CLANG_CXX_LANGUAGE_STANDARD = "gnu++0x";
				CLANG_CXX_LIBRARY = "libc++";
				CLANG_ENABLE_MODULES = YES;
				CLANG_ENABLE_OBJC_ARC = YES;
				CLANG_WARN_BOOL_CONVERSION = YES;
				CLANG_WARN_CONSTANT_CONVERSION = YES;
				CLANG_WARN_DIRECT_OBJC_ISA_USAGE = YES_ERROR;
				CLANG_WARN_DOCUMENTATION_COMMENTS = YES;
				CLANG_WARN_EMPTY_BODY = YES;
				CLANG_WARN_ENUM_CONVERSION = YES;
				CLANG_WARN_INFINITE_RECURSION = YES;
				CLANG_WARN_INT_CONVERSION = YES;
				CLANG_WARN_OBJC_ROOT_CLASS = YES_ERROR;
				CLANG_WARN_SUSPICIOUS_MOVE = YES;
				CLANG_WARN_UNREACHABLE_CODE = YES;
				CLANG_WARN__DUPLICATE_METHOD_MATCH = YES;
				"CODE_SIGN_IDENTITY[sdk=iphoneos*]" = "iPhone Developer";
				COPY_PHASE_STRIP = NO;
				DEBUG_INFORMATION_FORMAT = "dwarf-with-dsym";
				ENABLE_NS_ASSERTIONS = NO;
				ENABLE_STRICT_OBJC_MSGSEND = YES;
				GCC_C_LANGUAGE_STANDARD = gnu99;
				GCC_NO_COMMON_BLOCKS = YES;
				GCC_WARN_64_TO_32_BIT_CONVERSION = YES;
				GCC_WARN_ABOUT_RETURN_TYPE = YES_ERROR;
				GCC_WARN_UNDECLARED_SELECTOR = YES;
				GCC_WARN_UNINITIALIZED_AUTOS = YES_AGGRESSIVE;
				GCC_WARN_UNUSED_FUNCTION = YES;
				GCC_WARN_UNUSED_VARIABLE = YES;
				IPHONEOS_DEPLOYMENT_TARGET = 10.3;
				MTL_ENABLE_DEBUG_INFO = NO;
				SDKROOT = iphoneos;
				SWIFT_OPTIMIZATION_LEVEL = "-Owholemodule";
				TARGETED_DEVICE_FAMILY = "1,2";
				VALIDATE_PRODUCT = YES;
			};
			name = Release;
		};
		0AA4C6CC1EC836BE00F84930 /* Debug */ = {
			isa = XCBuildConfiguration;
			baseConfigurationReference = 054143B0D5A0FCC4B5159783 /* Pods-CM.debug.xcconfig */;
			buildSettings = {
				ASSETCATALOG_COMPILER_APPICON_NAME = AppIcon;
				DEVELOPMENT_TEAM = S5A8LZTTH2;
				INFOPLIST_FILE = CM/Info.plist;
				IPHONEOS_DEPLOYMENT_TARGET = 10.0;
				LD_RUNPATH_SEARCH_PATHS = "$(inherited) @executable_path/Frameworks";
				PRODUCT_BUNDLE_IDENTIFIER = k.CM;
				PRODUCT_NAME = "$(TARGET_NAME)";
				SWIFT_VERSION = 3.0;
			};
			name = Debug;
		};
		0AA4C6CD1EC836BE00F84930 /* Release */ = {
			isa = XCBuildConfiguration;
			baseConfigurationReference = 57D4886A1559FCF90ADDC042 /* Pods-CM.release.xcconfig */;
			buildSettings = {
				ASSETCATALOG_COMPILER_APPICON_NAME = AppIcon;
				DEVELOPMENT_TEAM = S5A8LZTTH2;
				INFOPLIST_FILE = CM/Info.plist;
				IPHONEOS_DEPLOYMENT_TARGET = 10.0;
				LD_RUNPATH_SEARCH_PATHS = "$(inherited) @executable_path/Frameworks";
				PRODUCT_BUNDLE_IDENTIFIER = k.CM;
				PRODUCT_NAME = "$(TARGET_NAME)";
				SWIFT_VERSION = 3.0;
			};
			name = Release;
		};
/* End XCBuildConfiguration section */

/* Begin XCConfigurationList section */
		0AA4C6B41EC836BE00F84930 /* Build configuration list for PBXProject "cm" */ = {
			isa = XCConfigurationList;
			buildConfigurations = (
				0AA4C6C91EC836BE00F84930 /* Debug */,
				0AA4C6CA1EC836BE00F84930 /* Release */,
			);
			defaultConfigurationIsVisible = 0;
			defaultConfigurationName = Release;
		};
		0AA4C6CB1EC836BE00F84930 /* Build configuration list for PBXNativeTarget "CM" */ = {
			isa = XCConfigurationList;
			buildConfigurations = (
				0AA4C6CC1EC836BE00F84930 /* Debug */,
				0AA4C6CD1EC836BE00F84930 /* Release */,
			);
			defaultConfigurationIsVisible = 0;
			defaultConfigurationName = Release;
		};
/* End XCConfigurationList section */
	};
	rootObject = 0AA4C6B11EC836BE00F84930 /* Project object */;
}
